{
  "version": 4,
  "terraform_version": "1.4.6",
  "serial": 32,
  "lineage": "8ab8018a-6d5c-2147-f6cf-2b5c6b45eeec",
  "outputs": {},
  "resources": [
    {
      "mode": "managed",
      "type": "linode_lke_cluster",
      "name": "mylke_k8s",
      "provider": "provider[\"registry.terraform.io/linode/linode\"]",
      "instances": [
        {
          "status": "tainted",
          "schema_version": 0,
          "attributes": {
            "api_endpoints": null,
            "control_plane": null,
            "dashboard_url": null,
            "id": "123367",
            "k8s_version": "1.26",
            "kubeconfig": null,
            "label": "mylke-k8s",
            "pool": [
              {
                "autoscaler": [],
                "count": 3,
                "id": 0,
                "nodes": [],
                "type": "g6-standard-1"
              }
            ],
            "region": "id-cgk",
            "status": null,
            "tags": [
              "mylke-k8s",
              "terraform"
            ],
            "timeouts": null
          },
          "sensitive_attributes": [],
          "private": "eyJlMmJmYjczMC1lY2FhLTExZTYtOGY4OC0zNDM2M2JjN2M0YzAiOnsiY3JlYXRlIjoyMTAwMDAwMDAwMDAwLCJkZWxldGUiOjkwMDAwMDAwMDAwMCwidXBkYXRlIjoyNDAwMDAwMDAwMDAwfX0="
        }
      ]
    },
    {
      "mode": "managed",
      "type": "local_file",
      "name": "k8s_config",
      "provider": "provider[\"registry.terraform.io/hashicorp/local\"]",
      "instances": []
    }
  ],
  "check_results": null
}
