{
  "version": 4,
  "terraform_version": "1.4.6",
  "serial": 28,
  "lineage": "598a352e-d8cb-e6d3-ef10-7d339dbfd1ed",
  "outputs": {},
  "resources": [
    {
      "mode": "managed",
      "type": "akamai_dns_record",
      "name": "yinpok_com__acme-challenge_demo1_yinpok_com_TXT",
      "provider": "provider[\"registry.terraform.io/akamai/akamai\"]",
      "instances": [
        {
          "schema_version": 0,
          "attributes": {
            "active": null,
            "algorithm": null,
            "answer_type": null,
            "certificate": null,
            "digest": null,
            "digest_type": null,
            "dns_name": null,
            "email_address": null,
            "expiration": null,
            "expiry": null,
            "fingerprint": null,
            "fingerprint_type": null,
            "flags": null,
            "flagsnaptr": null,
            "hardware": null,
            "id": "yinpok.com#_acme-challenge.demo1.yinpok.com#TXT",
            "inception": null,
            "iterations": null,
            "key": null,
            "keytag": null,
            "labels": null,
            "mailbox": null,
            "match_type": null,
            "name": "_acme-challenge.demo1.yinpok.com",
            "name_server": null,
            "next_hashed_owner_name": null,
            "nxdomain_ttl": null,
            "order": null,
            "original_ttl": null,
            "port": null,
            "preference": null,
            "priority": null,
            "priority_increment": null,
            "protocol": null,
            "record_sha": "f6ab38ccb6b9413b2312a8285aee986f694af1e9",
            "recordtype": "TXT",
            "refresh": null,
            "regexp": null,
            "replacement": null,
            "retry": null,
            "salt": null,
            "selector": null,
            "serial": null,
            "service": null,
            "signature": null,
            "signer": null,
            "software": null,
            "subtype": null,
            "svc_params": null,
            "svc_priority": null,
            "target": [
              "\"J3T-Wa39lNFY5lG4F3etN8lpVXh_Vi3cTpeUziXV9FM\""
            ],
            "target_name": null,
            "ttl": 60,
            "txt": null,
            "type_bitmaps": null,
            "type_covered": null,
            "type_mnemonic": null,
            "type_value": null,
            "usage": null,
            "weight": null,
            "zone": "yinpok.com"
          },
          "sensitive_attributes": [],
          "private": "eyJzY2hlbWFfdmVyc2lvbiI6IjAifQ=="
        }
      ]
    },
    {
      "mode": "managed",
      "type": "akamai_dns_record",
      "name": "yinpok_com__acme-challenge_demo2_yinpok_com_TXT",
      "provider": "provider[\"registry.terraform.io/akamai/akamai\"]",
      "instances": [
        {
          "schema_version": 0,
          "attributes": {
            "active": null,
            "algorithm": null,
            "answer_type": null,
            "certificate": null,
            "digest": null,
            "digest_type": null,
            "dns_name": null,
            "email_address": null,
            "expiration": null,
            "expiry": null,
            "fingerprint": null,
            "fingerprint_type": null,
            "flags": null,
            "flagsnaptr": null,
            "hardware": null,
            "id": "yinpok.com#_acme-challenge.demo2.yinpok.com#TXT",
            "inception": null,
            "iterations": null,
            "key": null,
            "keytag": null,
            "labels": null,
            "mailbox": null,
            "match_type": null,
            "name": "_acme-challenge.demo2.yinpok.com",
            "name_server": null,
            "next_hashed_owner_name": null,
            "nxdomain_ttl": null,
            "order": null,
            "original_ttl": null,
            "port": null,
            "preference": null,
            "priority": null,
            "priority_increment": null,
            "protocol": null,
            "record_sha": "4728d995f1a59a4e02dae2ab8b6dc14a44d54219",
            "recordtype": "TXT",
            "refresh": null,
            "regexp": null,
            "replacement": null,
            "retry": null,
            "salt": null,
            "selector": null,
            "serial": null,
            "service": null,
            "signature": null,
            "signer": null,
            "software": null,
            "subtype": null,
            "svc_params": null,
            "svc_priority": null,
            "target": [
              "\"ytN-A9ZpYu9rHUDUUQ_-uwzYWG941doWJTU_F9toVDI\""
            ],
            "target_name": null,
            "ttl": 60,
            "txt": null,
            "type_bitmaps": null,
            "type_covered": null,
            "type_mnemonic": null,
            "type_value": null,
            "usage": null,
            "weight": null,
            "zone": "yinpok.com"
          },
          "sensitive_attributes": [],
          "private": "eyJzY2hlbWFfdmVyc2lvbiI6IjAifQ=="
        }
      ]
    },
    {
      "mode": "managed",
      "type": "akamai_dns_record",
      "name": "yinpok_com__acme-challenge_demo3_yinpok_com_TXT",
      "provider": "provider[\"registry.terraform.io/akamai/akamai\"]",
      "instances": [
        {
          "schema_version": 0,
          "attributes": {
            "active": null,
            "algorithm": null,
            "answer_type": null,
            "certificate": null,
            "digest": null,
            "digest_type": null,
            "dns_name": null,
            "email_address": null,
            "expiration": null,
            "expiry": null,
            "fingerprint": null,
            "fingerprint_type": null,
            "flags": null,
            "flagsnaptr": null,
            "hardware": null,
            "id": "yinpok.com#_acme-challenge.demo3.yinpok.com#TXT",
            "inception": null,
            "iterations": null,
            "key": null,
            "keytag": null,
            "labels": null,
            "mailbox": null,
            "match_type": null,
            "name": "_acme-challenge.demo3.yinpok.com",
            "name_server": null,
            "next_hashed_owner_name": null,
            "nxdomain_ttl": null,
            "order": null,
            "original_ttl": null,
            "port": null,
            "preference": null,
            "priority": null,
            "priority_increment": null,
            "protocol": null,
            "record_sha": "b8ebcd72d02781c1adfa6653e44920718a3ba305",
            "recordtype": "TXT",
            "refresh": null,
            "regexp": null,
            "replacement": null,
            "retry": null,
            "salt": null,
            "selector": null,
            "serial": null,
            "service": null,
            "signature": null,
            "signer": null,
            "software": null,
            "subtype": null,
            "svc_params": null,
            "svc_priority": null,
            "target": [
              "\"0C0SXmrEQE0ZFcfy__NdSdBYjdJ_FFz1XnqiEWC6W6c\""
            ],
            "target_name": null,
            "ttl": 60,
            "txt": null,
            "type_bitmaps": null,
            "type_covered": null,
            "type_mnemonic": null,
            "type_value": null,
            "usage": null,
            "weight": null,
            "zone": "yinpok.com"
          },
          "sensitive_attributes": [],
          "private": "eyJzY2hlbWFfdmVyc2lvbiI6IjAifQ=="
        }
      ]
    },
    {
      "mode": "managed",
      "type": "akamai_dns_record",
      "name": "yinpok_com__acme-challenge_demo4_yinpok_com_TXT",
      "provider": "provider[\"registry.terraform.io/akamai/akamai\"]",
      "instances": [
        {
          "schema_version": 0,
          "attributes": {
            "active": null,
            "algorithm": null,
            "answer_type": null,
            "certificate": null,
            "digest": null,
            "digest_type": null,
            "dns_name": null,
            "email_address": null,
            "expiration": null,
            "expiry": null,
            "fingerprint": null,
            "fingerprint_type": null,
            "flags": null,
            "flagsnaptr": null,
            "hardware": null,
            "id": "yinpok.com#_acme-challenge.demo4.yinpok.com#TXT",
            "inception": null,
            "iterations": null,
            "key": null,
            "keytag": null,
            "labels": null,
            "mailbox": null,
            "match_type": null,
            "name": "_acme-challenge.demo4.yinpok.com",
            "name_server": null,
            "next_hashed_owner_name": null,
            "nxdomain_ttl": null,
            "order": null,
            "original_ttl": null,
            "port": null,
            "preference": null,
            "priority": null,
            "priority_increment": null,
            "protocol": null,
            "record_sha": "1578f6d09a96d9b4f7a006d1d7f89f6819816fe9",
            "recordtype": "TXT",
            "refresh": null,
            "regexp": null,
            "replacement": null,
            "retry": null,
            "salt": null,
            "selector": null,
            "serial": null,
            "service": null,
            "signature": null,
            "signer": null,
            "software": null,
            "subtype": null,
            "svc_params": null,
            "svc_priority": null,
            "target": [
              "\"BEsqHDqw7DNkXchTrEc1tVsiCA3X3BkxZwhFPtwfJK0\""
            ],
            "target_name": null,
            "ttl": 60,
            "txt": null,
            "type_bitmaps": null,
            "type_covered": null,
            "type_mnemonic": null,
            "type_value": null,
            "usage": null,
            "weight": null,
            "zone": "yinpok.com"
          },
          "sensitive_attributes": [],
          "private": "eyJzY2hlbWFfdmVyc2lvbiI6IjAifQ=="
        }
      ]
    },
    {
      "mode": "managed",
      "type": "akamai_dns_record",
      "name": "yinpok_com__acme-challenge_demo_yinpok_com_TXT",
      "provider": "provider[\"registry.terraform.io/akamai/akamai\"]",
      "instances": [
        {
          "schema_version": 0,
          "attributes": {
            "active": null,
            "algorithm": null,
            "answer_type": null,
            "certificate": null,
            "digest": null,
            "digest_type": null,
            "dns_name": null,
            "email_address": null,
            "expiration": null,
            "expiry": null,
            "fingerprint": null,
            "fingerprint_type": null,
            "flags": null,
            "flagsnaptr": null,
            "hardware": null,
            "id": "yinpok.com#_acme-challenge.demo.yinpok.com#TXT",
            "inception": null,
            "iterations": null,
            "key": null,
            "keytag": null,
            "labels": null,
            "mailbox": null,
            "match_type": null,
            "name": "_acme-challenge.demo.yinpok.com",
            "name_server": null,
            "next_hashed_owner_name": null,
            "nxdomain_ttl": null,
            "order": null,
            "original_ttl": null,
            "port": null,
            "preference": null,
            "priority": null,
            "priority_increment": null,
            "protocol": null,
            "record_sha": "defbefb0b1065602f785a54c921a84a5286019cd",
            "recordtype": "TXT",
            "refresh": null,
            "regexp": null,
            "replacement": null,
            "retry": null,
            "salt": null,
            "selector": null,
            "serial": null,
            "service": null,
            "signature": null,
            "signer": null,
            "software": null,
            "subtype": null,
            "svc_params": null,
            "svc_priority": null,
            "target": [
              "\"OGjCG3lEAo8g2aqN2zSo4FtyRgQrhHezEzzM0DNJHOU\""
            ],
            "target_name": null,
            "ttl": 60,
            "txt": null,
            "type_bitmaps": null,
            "type_covered": null,
            "type_mnemonic": null,
            "type_value": null,
            "usage": null,
            "weight": null,
            "zone": "yinpok.com"
          },
          "sensitive_attributes": [],
          "private": "eyJzY2hlbWFfdmVyc2lvbiI6IjAifQ=="
        }
      ]
    },
    {
      "mode": "managed",
      "type": "akamai_dns_record",
      "name": "yinpok_com_demo_yinpok_com_A",
      "provider": "provider[\"registry.terraform.io/akamai/akamai\"]",
      "instances": [
        {
          "schema_version": 0,
          "attributes": {
            "active": null,
            "algorithm": null,
            "answer_type": null,
            "certificate": null,
            "digest": null,
            "digest_type": null,
            "dns_name": null,
            "email_address": null,
            "expiration": null,
            "expiry": null,
            "fingerprint": null,
            "fingerprint_type": null,
            "flags": null,
            "flagsnaptr": null,
            "hardware": null,
            "id": "yinpok.com#demo.yinpok.com#A",
            "inception": null,
            "iterations": null,
            "key": null,
            "keytag": null,
            "labels": null,
            "mailbox": null,
            "match_type": null,
            "name": "demo.yinpok.com",
            "name_server": null,
            "next_hashed_owner_name": null,
            "nxdomain_ttl": null,
            "order": null,
            "original_ttl": null,
            "port": null,
            "preference": null,
            "priority": null,
            "priority_increment": null,
            "protocol": null,
            "record_sha": "f479ce5d713272bc846287d00b4251197f6e42c9",
            "recordtype": "A",
            "refresh": null,
            "regexp": null,
            "replacement": null,
            "retry": null,
            "salt": null,
            "selector": null,
            "serial": null,
            "service": null,
            "signature": null,
            "signer": null,
            "software": null,
            "subtype": null,
            "svc_params": null,
            "svc_priority": null,
            "target": [
              "139.162.26.233"
            ],
            "target_name": null,
            "ttl": 60,
            "txt": null,
            "type_bitmaps": null,
            "type_covered": null,
            "type_mnemonic": null,
            "type_value": null,
            "usage": null,
            "weight": null,
            "zone": "yinpok.com"
          },
          "sensitive_attributes": [],
          "private": "bnVsbA=="
        }
      ]
    },
    {
      "mode": "managed",
      "type": "akamai_dns_record",
      "name": "yinpok_com_developer1_yinpok_com_A",
      "provider": "provider[\"registry.terraform.io/akamai/akamai\"]",
      "instances": [
        {
          "schema_version": 0,
          "attributes": {
            "active": null,
            "algorithm": null,
            "answer_type": null,
            "certificate": null,
            "digest": null,
            "digest_type": null,
            "dns_name": null,
            "email_address": null,
            "expiration": null,
            "expiry": null,
            "fingerprint": null,
            "fingerprint_type": null,
            "flags": null,
            "flagsnaptr": null,
            "hardware": null,
            "id": "yinpok.com#developer1.yinpok.com#A",
            "inception": null,
            "iterations": null,
            "key": null,
            "keytag": null,
            "labels": null,
            "mailbox": null,
            "match_type": null,
            "name": "developer1.yinpok.com",
            "name_server": null,
            "next_hashed_owner_name": null,
            "nxdomain_ttl": null,
            "order": null,
            "original_ttl": null,
            "port": null,
            "preference": null,
            "priority": null,
            "priority_increment": null,
            "protocol": null,
            "record_sha": "0ff7a3cce8f8244d2f3d4bb420c2a7b06b54e261",
            "recordtype": "A",
            "refresh": null,
            "regexp": null,
            "replacement": null,
            "retry": null,
            "salt": null,
            "selector": null,
            "serial": null,
            "service": null,
            "signature": null,
            "signer": null,
            "software": null,
            "subtype": null,
            "svc_params": null,
            "svc_priority": null,
            "target": [
              "139.162.26.183"
            ],
            "target_name": null,
            "ttl": 1800,
            "txt": null,
            "type_bitmaps": null,
            "type_covered": null,
            "type_mnemonic": null,
            "type_value": null,
            "usage": null,
            "weight": null,
            "zone": "yinpok.com"
          },
          "sensitive_attributes": [],
          "private": "eyJzY2hlbWFfdmVyc2lvbiI6IjAifQ=="
        }
      ]
    },
    {
      "mode": "managed",
      "type": "akamai_dns_record",
      "name": "yinpok_com_developer_yinpok_com_A",
      "provider": "provider[\"registry.terraform.io/akamai/akamai\"]",
      "instances": [
        {
          "schema_version": 0,
          "attributes": {
            "active": null,
            "algorithm": null,
            "answer_type": null,
            "certificate": null,
            "digest": null,
            "digest_type": null,
            "dns_name": null,
            "email_address": null,
            "expiration": null,
            "expiry": null,
            "fingerprint": null,
            "fingerprint_type": null,
            "flags": null,
            "flagsnaptr": null,
            "hardware": null,
            "id": "yinpok.com#developer.yinpok.com#A",
            "inception": null,
            "iterations": null,
            "key": null,
            "keytag": null,
            "labels": null,
            "mailbox": null,
            "match_type": null,
            "name": "developer.yinpok.com",
            "name_server": null,
            "next_hashed_owner_name": null,
            "nxdomain_ttl": null,
            "order": null,
            "original_ttl": null,
            "port": null,
            "preference": null,
            "priority": null,
            "priority_increment": null,
            "protocol": null,
            "record_sha": "0773ed8db8ec137132ac57f8dc0670c6acdc6ccd",
            "recordtype": "A",
            "refresh": null,
            "regexp": null,
            "replacement": null,
            "retry": null,
            "salt": null,
            "selector": null,
            "serial": null,
            "service": null,
            "signature": null,
            "signer": null,
            "software": null,
            "subtype": null,
            "svc_params": null,
            "svc_priority": null,
            "target": [
              "172.104.38.238"
            ],
            "target_name": null,
            "ttl": 180,
            "txt": null,
            "type_bitmaps": null,
            "type_covered": null,
            "type_mnemonic": null,
            "type_value": null,
            "usage": null,
            "weight": null,
            "zone": "yinpok.com"
          },
          "sensitive_attributes": [],
          "private": "eyJzY2hlbWFfdmVyc2lvbiI6IjAifQ=="
        }
      ]
    },
    {
      "mode": "managed",
      "type": "akamai_dns_record",
      "name": "yinpok_com_dstroot_yinpok_com_CNAME",
      "provider": "provider[\"registry.terraform.io/akamai/akamai\"]",
      "instances": [
        {
          "schema_version": 0,
          "attributes": {
            "active": null,
            "algorithm": null,
            "answer_type": null,
            "certificate": null,
            "digest": null,
            "digest_type": null,
            "dns_name": null,
            "email_address": null,
            "expiration": null,
            "expiry": null,
            "fingerprint": null,
            "fingerprint_type": null,
            "flags": null,
            "flagsnaptr": null,
            "hardware": null,
            "id": "yinpok.com#dstroot.yinpok.com#CNAME",
            "inception": null,
            "iterations": null,
            "key": null,
            "keytag": null,
            "labels": null,
            "mailbox": null,
            "match_type": null,
            "name": "dstroot.yinpok.com",
            "name_server": null,
            "next_hashed_owner_name": null,
            "nxdomain_ttl": null,
            "order": null,
            "original_ttl": null,
            "port": null,
            "preference": null,
            "priority": null,
            "priority_increment": null,
            "protocol": null,
            "record_sha": "800969752f10c98ef4da5916ac4d6b9a2cec7810",
            "recordtype": "CNAME",
            "refresh": null,
            "regexp": null,
            "replacement": null,
            "retry": null,
            "salt": null,
            "selector": null,
            "serial": null,
            "service": null,
            "signature": null,
            "signer": null,
            "software": null,
            "subtype": null,
            "svc_params": null,
            "svc_priority": null,
            "target": [
              "dstroot.yinpok.com.akamaized.net."
            ],
            "target_name": null,
            "ttl": 300,
            "txt": null,
            "type_bitmaps": null,
            "type_covered": null,
            "type_mnemonic": null,
            "type_value": null,
            "usage": null,
            "weight": null,
            "zone": "yinpok.com"
          },
          "sensitive_attributes": [],
          "private": "eyJzY2hlbWFfdmVyc2lvbiI6IjAifQ=="
        }
      ]
    },
    {
      "mode": "managed",
      "type": "akamai_dns_record",
      "name": "yinpok_com_ewtest_yinpok_com_CNAME",
      "provider": "provider[\"registry.terraform.io/akamai/akamai\"]",
      "instances": [
        {
          "schema_version": 0,
          "attributes": {
            "active": null,
            "algorithm": null,
            "answer_type": null,
            "certificate": null,
            "digest": null,
            "digest_type": null,
            "dns_name": null,
            "email_address": null,
            "expiration": null,
            "expiry": null,
            "fingerprint": null,
            "fingerprint_type": null,
            "flags": null,
            "flagsnaptr": null,
            "hardware": null,
            "id": "yinpok.com#ewtest.yinpok.com#CNAME",
            "inception": null,
            "iterations": null,
            "key": null,
            "keytag": null,
            "labels": null,
            "mailbox": null,
            "match_type": null,
            "name": "ewtest.yinpok.com",
            "name_server": null,
            "next_hashed_owner_name": null,
            "nxdomain_ttl": null,
            "order": null,
            "original_ttl": null,
            "port": null,
            "preference": null,
            "priority": null,
            "priority_increment": null,
            "protocol": null,
            "record_sha": "9f555ac0ed6c583f97bfc32f564c3c286bd4011d",
            "recordtype": "CNAME",
            "refresh": null,
            "regexp": null,
            "replacement": null,
            "retry": null,
            "salt": null,
            "selector": null,
            "serial": null,
            "service": null,
            "signature": null,
            "signer": null,
            "software": null,
            "subtype": null,
            "svc_params": null,
            "svc_priority": null,
            "target": [
              "ewtest.yinpok.com.edgekey.net."
            ],
            "target_name": null,
            "ttl": 300,
            "txt": null,
            "type_bitmaps": null,
            "type_covered": null,
            "type_mnemonic": null,
            "type_value": null,
            "usage": null,
            "weight": null,
            "zone": "yinpok.com"
          },
          "sensitive_attributes": [],
          "private": "eyJzY2hlbWFfdmVyc2lvbiI6IjAifQ=="
        }
      ]
    },
    {
      "mode": "managed",
      "type": "akamai_dns_record",
      "name": "yinpok_com_isrgroot_yinpok_com_CNAME",
      "provider": "provider[\"registry.terraform.io/akamai/akamai\"]",
      "instances": [
        {
          "schema_version": 0,
          "attributes": {
            "active": null,
            "algorithm": null,
            "answer_type": null,
            "certificate": null,
            "digest": null,
            "digest_type": null,
            "dns_name": null,
            "email_address": null,
            "expiration": null,
            "expiry": null,
            "fingerprint": null,
            "fingerprint_type": null,
            "flags": null,
            "flagsnaptr": null,
            "hardware": null,
            "id": "yinpok.com#isrgroot.yinpok.com#CNAME",
            "inception": null,
            "iterations": null,
            "key": null,
            "keytag": null,
            "labels": null,
            "mailbox": null,
            "match_type": null,
            "name": "isrgroot.yinpok.com",
            "name_server": null,
            "next_hashed_owner_name": null,
            "nxdomain_ttl": null,
            "order": null,
            "original_ttl": null,
            "port": null,
            "preference": null,
            "priority": null,
            "priority_increment": null,
            "protocol": null,
            "record_sha": "2bc591abc187861e20faa0c8a88cdcd963bd7f7e",
            "recordtype": "CNAME",
            "refresh": null,
            "regexp": null,
            "replacement": null,
            "retry": null,
            "salt": null,
            "selector": null,
            "serial": null,
            "service": null,
            "signature": null,
            "signer": null,
            "software": null,
            "subtype": null,
            "svc_params": null,
            "svc_priority": null,
            "target": [
              "isrgroot.yinpok.com.akamaized.net."
            ],
            "target_name": null,
            "ttl": 300,
            "txt": null,
            "type_bitmaps": null,
            "type_covered": null,
            "type_mnemonic": null,
            "type_value": null,
            "usage": null,
            "weight": null,
            "zone": "yinpok.com"
          },
          "sensitive_attributes": [],
          "private": "eyJzY2hlbWFfdmVyc2lvbiI6IjAifQ=="
        }
      ]
    },
    {
      "mode": "managed",
      "type": "akamai_dns_record",
      "name": "yinpok_com_linode_yinpok_com_A",
      "provider": "provider[\"registry.terraform.io/akamai/akamai\"]",
      "instances": [
        {
          "schema_version": 0,
          "attributes": {
            "active": null,
            "algorithm": null,
            "answer_type": null,
            "certificate": null,
            "digest": null,
            "digest_type": null,
            "dns_name": null,
            "email_address": null,
            "expiration": null,
            "expiry": null,
            "fingerprint": null,
            "fingerprint_type": null,
            "flags": null,
            "flagsnaptr": null,
            "hardware": null,
            "id": "yinpok.com#linode.yinpok.com#A",
            "inception": null,
            "iterations": null,
            "key": null,
            "keytag": null,
            "labels": null,
            "mailbox": null,
            "match_type": null,
            "name": "linode.yinpok.com",
            "name_server": null,
            "next_hashed_owner_name": null,
            "nxdomain_ttl": null,
            "order": null,
            "original_ttl": null,
            "port": null,
            "preference": null,
            "priority": null,
            "priority_increment": null,
            "protocol": null,
            "record_sha": "790b874c081f3dea5afaa2a076b3700bfa6bdf0e",
            "recordtype": "A",
            "refresh": null,
            "regexp": null,
            "replacement": null,
            "retry": null,
            "salt": null,
            "selector": null,
            "serial": null,
            "service": null,
            "signature": null,
            "signer": null,
            "software": null,
            "subtype": null,
            "svc_params": null,
            "svc_priority": null,
            "target": [
              "139.162.29.71"
            ],
            "target_name": null,
            "ttl": 300,
            "txt": null,
            "type_bitmaps": null,
            "type_covered": null,
            "type_mnemonic": null,
            "type_value": null,
            "usage": null,
            "weight": null,
            "zone": "yinpok.com"
          },
          "sensitive_attributes": [],
          "private": "eyJzY2hlbWFfdmVyc2lvbiI6IjAifQ=="
        }
      ]
    },
    {
      "mode": "managed",
      "type": "akamai_dns_record",
      "name": "yinpok_com_origin-test_yinpok_com_NS",
      "provider": "provider[\"registry.terraform.io/akamai/akamai\"]",
      "instances": [
        {
          "schema_version": 0,
          "attributes": {
            "active": null,
            "algorithm": null,
            "answer_type": null,
            "certificate": null,
            "digest": null,
            "digest_type": null,
            "dns_name": null,
            "email_address": null,
            "expiration": null,
            "expiry": null,
            "fingerprint": null,
            "fingerprint_type": null,
            "flags": null,
            "flagsnaptr": null,
            "hardware": null,
            "id": "yinpok.com#origin-test.yinpok.com#NS",
            "inception": null,
            "iterations": null,
            "key": null,
            "keytag": null,
            "labels": null,
            "mailbox": null,
            "match_type": null,
            "name": "origin-test.yinpok.com",
            "name_server": null,
            "next_hashed_owner_name": null,
            "nxdomain_ttl": null,
            "order": null,
            "original_ttl": null,
            "port": null,
            "preference": null,
            "priority": null,
            "priority_increment": null,
            "protocol": null,
            "record_sha": "b515cc4efc543505694f84d660be7a9bfad4f735",
            "recordtype": "NS",
            "refresh": null,
            "regexp": null,
            "replacement": null,
            "retry": null,
            "salt": null,
            "selector": null,
            "serial": null,
            "service": null,
            "signature": null,
            "signer": null,
            "software": null,
            "subtype": null,
            "svc_params": null,
            "svc_priority": null,
            "target": [
              "a1-79.akam.net.",
              "a6-65.akam.net.",
              "a28-64.akam.net.",
              "a26-67.akam.net.",
              "a5-66.akam.net.",
              "a9-67.akam.net."
            ],
            "target_name": null,
            "ttl": 20,
            "txt": null,
            "type_bitmaps": null,
            "type_covered": null,
            "type_mnemonic": null,
            "type_value": null,
            "usage": null,
            "weight": null,
            "zone": "yinpok.com"
          },
          "sensitive_attributes": [],
          "private": "eyJzY2hlbWFfdmVyc2lvbiI6IjAifQ=="
        }
      ]
    },
    {
      "mode": "managed",
      "type": "akamai_dns_record",
      "name": "yinpok_com_origin1_yinpok_com_A",
      "provider": "provider[\"registry.terraform.io/akamai/akamai\"]",
      "instances": [
        {
          "schema_version": 0,
          "attributes": {
            "active": null,
            "algorithm": null,
            "answer_type": null,
            "certificate": null,
            "digest": null,
            "digest_type": null,
            "dns_name": null,
            "email_address": null,
            "expiration": null,
            "expiry": null,
            "fingerprint": null,
            "fingerprint_type": null,
            "flags": null,
            "flagsnaptr": null,
            "hardware": null,
            "id": "yinpok.com#origin1.yinpok.com#A",
            "inception": null,
            "iterations": null,
            "key": null,
            "keytag": null,
            "labels": null,
            "mailbox": null,
            "match_type": null,
            "name": "origin1.yinpok.com",
            "name_server": null,
            "next_hashed_owner_name": null,
            "nxdomain_ttl": null,
            "order": null,
            "original_ttl": null,
            "port": null,
            "preference": null,
            "priority": null,
            "priority_increment": null,
            "protocol": null,
            "record_sha": "7a64bf923614f28cabaaa7e3a94fd82a6a4581c5",
            "recordtype": "A",
            "refresh": null,
            "regexp": null,
            "replacement": null,
            "retry": null,
            "salt": null,
            "selector": null,
            "serial": null,
            "service": null,
            "signature": null,
            "signer": null,
            "software": null,
            "subtype": null,
            "svc_params": null,
            "svc_priority": null,
            "target": [
              "52.77.144.114"
            ],
            "target_name": null,
            "ttl": 300,
            "txt": null,
            "type_bitmaps": null,
            "type_covered": null,
            "type_mnemonic": null,
            "type_value": null,
            "usage": null,
            "weight": null,
            "zone": "yinpok.com"
          },
          "sensitive_attributes": [],
          "private": "eyJzY2hlbWFfdmVyc2lvbiI6IjAifQ=="
        }
      ]
    },
    {
      "mode": "managed",
      "type": "akamai_dns_record",
      "name": "yinpok_com_test_yinpok_com_A",
      "provider": "provider[\"registry.terraform.io/akamai/akamai\"]",
      "instances": [
        {
          "schema_version": 0,
          "attributes": {
            "active": null,
            "algorithm": null,
            "answer_type": null,
            "certificate": null,
            "digest": null,
            "digest_type": null,
            "dns_name": null,
            "email_address": null,
            "expiration": null,
            "expiry": null,
            "fingerprint": null,
            "fingerprint_type": null,
            "flags": null,
            "flagsnaptr": null,
            "hardware": null,
            "id": "yinpok.com#test.yinpok.com#A",
            "inception": null,
            "iterations": null,
            "key": null,
            "keytag": null,
            "labels": null,
            "mailbox": null,
            "match_type": null,
            "name": "test.yinpok.com",
            "name_server": null,
            "next_hashed_owner_name": null,
            "nxdomain_ttl": null,
            "order": null,
            "original_ttl": null,
            "port": null,
            "preference": null,
            "priority": null,
            "priority_increment": null,
            "protocol": null,
            "record_sha": "7a64bf923614f28cabaaa7e3a94fd82a6a4581c5",
            "recordtype": "A",
            "refresh": null,
            "regexp": null,
            "replacement": null,
            "retry": null,
            "salt": null,
            "selector": null,
            "serial": null,
            "service": null,
            "signature": null,
            "signer": null,
            "software": null,
            "subtype": null,
            "svc_params": null,
            "svc_priority": null,
            "target": [
              "52.77.144.114"
            ],
            "target_name": null,
            "ttl": 300,
            "txt": null,
            "type_bitmaps": null,
            "type_covered": null,
            "type_mnemonic": null,
            "type_value": null,
            "usage": null,
            "weight": null,
            "zone": "yinpok.com"
          },
          "sensitive_attributes": [],
          "private": "eyJzY2hlbWFfdmVyc2lvbiI6IjAifQ=="
        }
      ]
    },
    {
      "mode": "managed",
      "type": "akamai_dns_record",
      "name": "yinpok_com_testcert_yinpok_com_A",
      "provider": "provider[\"registry.terraform.io/akamai/akamai\"]",
      "instances": [
        {
          "schema_version": 0,
          "attributes": {
            "active": null,
            "algorithm": null,
            "answer_type": null,
            "certificate": null,
            "digest": null,
            "digest_type": null,
            "dns_name": null,
            "email_address": null,
            "expiration": null,
            "expiry": null,
            "fingerprint": null,
            "fingerprint_type": null,
            "flags": null,
            "flagsnaptr": null,
            "hardware": null,
            "id": "yinpok.com#testcert.yinpok.com#A",
            "inception": null,
            "iterations": null,
            "key": null,
            "keytag": null,
            "labels": null,
            "mailbox": null,
            "match_type": null,
            "name": "testcert.yinpok.com",
            "name_server": null,
            "next_hashed_owner_name": null,
            "nxdomain_ttl": null,
            "order": null,
            "original_ttl": null,
            "port": null,
            "preference": null,
            "priority": null,
            "priority_increment": null,
            "protocol": null,
            "record_sha": "cab3e927e094505ad05b39221413810338c1f3b4",
            "recordtype": "A",
            "refresh": null,
            "regexp": null,
            "replacement": null,
            "retry": null,
            "salt": null,
            "selector": null,
            "serial": null,
            "service": null,
            "signature": null,
            "signer": null,
            "software": null,
            "subtype": null,
            "svc_params": null,
            "svc_priority": null,
            "target": [
              "139.144.210.14"
            ],
            "target_name": null,
            "ttl": 1800,
            "txt": null,
            "type_bitmaps": null,
            "type_covered": null,
            "type_mnemonic": null,
            "type_value": null,
            "usage": null,
            "weight": null,
            "zone": "yinpok.com"
          },
          "sensitive_attributes": [],
          "private": "eyJzY2hlbWFfdmVyc2lvbiI6IjAifQ=="
        }
      ]
    },
    {
      "mode": "managed",
      "type": "akamai_dns_record",
      "name": "yinpok_com_testorigin_yinpok_com_A",
      "provider": "provider[\"registry.terraform.io/akamai/akamai\"]",
      "instances": [
        {
          "schema_version": 0,
          "attributes": {
            "active": null,
            "algorithm": null,
            "answer_type": null,
            "certificate": null,
            "digest": null,
            "digest_type": null,
            "dns_name": null,
            "email_address": null,
            "expiration": null,
            "expiry": null,
            "fingerprint": null,
            "fingerprint_type": null,
            "flags": null,
            "flagsnaptr": null,
            "hardware": null,
            "id": "yinpok.com#testorigin.yinpok.com#A",
            "inception": null,
            "iterations": null,
            "key": null,
            "keytag": null,
            "labels": null,
            "mailbox": null,
            "match_type": null,
            "name": "testorigin.yinpok.com",
            "name_server": null,
            "next_hashed_owner_name": null,
            "nxdomain_ttl": null,
            "order": null,
            "original_ttl": null,
            "port": null,
            "preference": null,
            "priority": null,
            "priority_increment": null,
            "protocol": null,
            "record_sha": "7a64bf923614f28cabaaa7e3a94fd82a6a4581c5",
            "recordtype": "A",
            "refresh": null,
            "regexp": null,
            "replacement": null,
            "retry": null,
            "salt": null,
            "selector": null,
            "serial": null,
            "service": null,
            "signature": null,
            "signer": null,
            "software": null,
            "subtype": null,
            "svc_params": null,
            "svc_priority": null,
            "target": [
              "52.77.144.114"
            ],
            "target_name": null,
            "ttl": 300,
            "txt": null,
            "type_bitmaps": null,
            "type_covered": null,
            "type_mnemonic": null,
            "type_value": null,
            "usage": null,
            "weight": null,
            "zone": "yinpok.com"
          },
          "sensitive_attributes": [],
          "private": "eyJzY2hlbWFfdmVyc2lvbiI6IjAifQ=="
        }
      ]
    },
    {
      "mode": "managed",
      "type": "akamai_dns_record",
      "name": "yinpok_com_testsite_yinpok_com_CNAME",
      "provider": "provider[\"registry.terraform.io/akamai/akamai\"]",
      "instances": [
        {
          "schema_version": 0,
          "attributes": {
            "active": null,
            "algorithm": null,
            "answer_type": null,
            "certificate": null,
            "digest": null,
            "digest_type": null,
            "dns_name": null,
            "email_address": null,
            "expiration": null,
            "expiry": null,
            "fingerprint": null,
            "fingerprint_type": null,
            "flags": null,
            "flagsnaptr": null,
            "hardware": null,
            "id": "yinpok.com#testsite.yinpok.com#CNAME",
            "inception": null,
            "iterations": null,
            "key": null,
            "keytag": null,
            "labels": null,
            "mailbox": null,
            "match_type": null,
            "name": "testsite.yinpok.com",
            "name_server": null,
            "next_hashed_owner_name": null,
            "nxdomain_ttl": null,
            "order": null,
            "original_ttl": null,
            "port": null,
            "preference": null,
            "priority": null,
            "priority_increment": null,
            "protocol": null,
            "record_sha": "4e570f91e07ea79047878fe7d1de86012909f59a",
            "recordtype": "CNAME",
            "refresh": null,
            "regexp": null,
            "replacement": null,
            "retry": null,
            "salt": null,
            "selector": null,
            "serial": null,
            "service": null,
            "signature": null,
            "signer": null,
            "software": null,
            "subtype": null,
            "svc_params": null,
            "svc_priority": null,
            "target": [
              "testsite.yinpok.com.edgesuite.net."
            ],
            "target_name": null,
            "ttl": 300,
            "txt": null,
            "type_bitmaps": null,
            "type_covered": null,
            "type_mnemonic": null,
            "type_value": null,
            "usage": null,
            "weight": null,
            "zone": "yinpok.com"
          },
          "sensitive_attributes": [],
          "private": "eyJzY2hlbWFfdmVyc2lvbiI6IjAifQ=="
        }
      ]
    },
    {
      "mode": "managed",
      "type": "akamai_dns_record",
      "name": "yinpok_com_will-sin_yinpok_com_A",
      "provider": "provider[\"registry.terraform.io/akamai/akamai\"]",
      "instances": [
        {
          "schema_version": 0,
          "attributes": {
            "active": null,
            "algorithm": null,
            "answer_type": null,
            "certificate": null,
            "digest": null,
            "digest_type": null,
            "dns_name": null,
            "email_address": null,
            "expiration": null,
            "expiry": null,
            "fingerprint": null,
            "fingerprint_type": null,
            "flags": null,
            "flagsnaptr": null,
            "hardware": null,
            "id": "yinpok.com#will-sin.yinpok.com#A",
            "inception": null,
            "iterations": null,
            "key": null,
            "keytag": null,
            "labels": null,
            "mailbox": null,
            "match_type": null,
            "name": "will-sin.yinpok.com",
            "name_server": null,
            "next_hashed_owner_name": null,
            "nxdomain_ttl": null,
            "order": null,
            "original_ttl": null,
            "port": null,
            "preference": null,
            "priority": null,
            "priority_increment": null,
            "protocol": null,
            "record_sha": "d04e36d4333db3290c4df6fcbbc2c2e2bc746066",
            "recordtype": "A",
            "refresh": null,
            "regexp": null,
            "replacement": null,
            "retry": null,
            "salt": null,
            "selector": null,
            "serial": null,
            "service": null,
            "signature": null,
            "signer": null,
            "software": null,
            "subtype": null,
            "svc_params": null,
            "svc_priority": null,
            "target": [
              "23.62.225.10"
            ],
            "target_name": null,
            "ttl": 300,
            "txt": null,
            "type_bitmaps": null,
            "type_covered": null,
            "type_mnemonic": null,
            "type_value": null,
            "usage": null,
            "weight": null,
            "zone": "yinpok.com"
          },
          "sensitive_attributes": [],
          "private": "eyJzY2hlbWFfdmVyc2lvbiI6IjAifQ=="
        }
      ]
    },
    {
      "mode": "managed",
      "type": "akamai_dns_record",
      "name": "yinpok_com_william-sin-office_yinpok_com_A",
      "provider": "provider[\"registry.terraform.io/akamai/akamai\"]",
      "instances": [
        {
          "schema_version": 0,
          "attributes": {
            "active": null,
            "algorithm": null,
            "answer_type": null,
            "certificate": null,
            "digest": null,
            "digest_type": null,
            "dns_name": null,
            "email_address": null,
            "expiration": null,
            "expiry": null,
            "fingerprint": null,
            "fingerprint_type": null,
            "flags": null,
            "flagsnaptr": null,
            "hardware": null,
            "id": "yinpok.com#william-sin-office.yinpok.com#A",
            "inception": null,
            "iterations": null,
            "key": null,
            "keytag": null,
            "labels": null,
            "mailbox": null,
            "match_type": null,
            "name": "william-sin-office.yinpok.com",
            "name_server": null,
            "next_hashed_owner_name": null,
            "nxdomain_ttl": null,
            "order": null,
            "original_ttl": null,
            "port": null,
            "preference": null,
            "priority": null,
            "priority_increment": null,
            "protocol": null,
            "record_sha": "d04e36d4333db3290c4df6fcbbc2c2e2bc746066",
            "recordtype": "A",
            "refresh": null,
            "regexp": null,
            "replacement": null,
            "retry": null,
            "salt": null,
            "selector": null,
            "serial": null,
            "service": null,
            "signature": null,
            "signer": null,
            "software": null,
            "subtype": null,
            "svc_params": null,
            "svc_priority": null,
            "target": [
              "23.62.225.10"
            ],
            "target_name": null,
            "ttl": 300,
            "txt": null,
            "type_bitmaps": null,
            "type_covered": null,
            "type_mnemonic": null,
            "type_value": null,
            "usage": null,
            "weight": null,
            "zone": "yinpok.com"
          },
          "sensitive_attributes": [],
          "private": "eyJzY2hlbWFfdmVyc2lvbiI6IjAifQ=="
        }
      ]
    },
    {
      "mode": "managed",
      "type": "akamai_dns_record",
      "name": "yinpok_com_yinpok_com_NS",
      "provider": "provider[\"registry.terraform.io/akamai/akamai\"]",
      "instances": [
        {
          "schema_version": 0,
          "attributes": {
            "active": null,
            "algorithm": null,
            "answer_type": null,
            "certificate": null,
            "digest": null,
            "digest_type": null,
            "dns_name": null,
            "email_address": null,
            "expiration": null,
            "expiry": null,
            "fingerprint": null,
            "fingerprint_type": null,
            "flags": null,
            "flagsnaptr": null,
            "hardware": null,
            "id": "yinpok.com#yinpok.com#NS",
            "inception": null,
            "iterations": null,
            "key": null,
            "keytag": null,
            "labels": null,
            "mailbox": null,
            "match_type": null,
            "name": "yinpok.com",
            "name_server": null,
            "next_hashed_owner_name": null,
            "nxdomain_ttl": null,
            "order": null,
            "original_ttl": null,
            "port": null,
            "preference": null,
            "priority": null,
            "priority_increment": null,
            "protocol": null,
            "record_sha": "b515cc4efc543505694f84d660be7a9bfad4f735",
            "recordtype": "NS",
            "refresh": null,
            "regexp": null,
            "replacement": null,
            "retry": null,
            "salt": null,
            "selector": null,
            "serial": null,
            "service": null,
            "signature": null,
            "signer": null,
            "software": null,
            "subtype": null,
            "svc_params": null,
            "svc_priority": null,
            "target": [
              "a1-79.akam.net.",
              "a6-65.akam.net.",
              "a28-64.akam.net.",
              "a26-67.akam.net.",
              "a5-66.akam.net.",
              "a9-67.akam.net."
            ],
            "target_name": null,
            "ttl": 86400,
            "txt": null,
            "type_bitmaps": null,
            "type_covered": null,
            "type_mnemonic": null,
            "type_value": null,
            "usage": null,
            "weight": null,
            "zone": "yinpok.com"
          },
          "sensitive_attributes": [],
          "private": "eyJzY2hlbWFfdmVyc2lvbiI6IjAifQ=="
        }
      ]
    },
    {
      "mode": "managed",
      "type": "akamai_dns_record",
      "name": "yinpok_com_yinpok_com_SOA",
      "provider": "provider[\"registry.terraform.io/akamai/akamai\"]",
      "instances": [
        {
          "schema_version": 0,
          "attributes": {
            "active": null,
            "algorithm": null,
            "answer_type": null,
            "certificate": null,
            "digest": null,
            "digest_type": null,
            "dns_name": null,
            "email_address": "hostmaster.yinpok.com.",
            "expiration": null,
            "expiry": 604800,
            "fingerprint": null,
            "fingerprint_type": null,
            "flags": null,
            "flagsnaptr": null,
            "hardware": null,
            "id": "yinpok.com#yinpok.com#SOA",
            "inception": null,
            "iterations": null,
            "key": null,
            "keytag": null,
            "labels": null,
            "mailbox": null,
            "match_type": null,
            "name": "yinpok.com",
            "name_server": "a1-79.akam.net.",
            "next_hashed_owner_name": null,
            "nxdomain_ttl": 300,
            "order": null,
            "original_ttl": null,
            "port": null,
            "preference": null,
            "priority": null,
            "priority_increment": null,
            "protocol": null,
            "record_sha": "fa7f533b85680e2431c52e9501431e832db59a52",
            "recordtype": "SOA",
            "refresh": 3600,
            "regexp": null,
            "replacement": null,
            "retry": 600,
            "salt": null,
            "selector": null,
            "serial": 2023022309,
            "service": null,
            "signature": null,
            "signer": null,
            "software": null,
            "subtype": null,
            "svc_params": null,
            "svc_priority": null,
            "target": [],
            "target_name": null,
            "ttl": 86400,
            "txt": null,
            "type_bitmaps": null,
            "type_covered": null,
            "type_mnemonic": null,
            "type_value": null,
            "usage": null,
            "weight": null,
            "zone": "yinpok.com"
          },
          "sensitive_attributes": [],
          "private": "eyJzY2hlbWFfdmVyc2lvbiI6IjAifQ=="
        }
      ]
    },
    {
      "mode": "managed",
      "type": "akamai_dns_zone",
      "name": "yinpok_com",
      "provider": "provider[\"registry.terraform.io/akamai/akamai\"]",
      "instances": [
        {
          "schema_version": 0,
          "attributes": {
            "activation_state": "ACTIVE",
            "alias_count": 0,
            "comment": "",
            "contract": "V-434SAU2",
            "end_customer_id": "",
            "group": null,
            "id": "3f86297d-9042-4ac5-9ce9-e75fdb3885af-yinpok.com-yinpok.com",
            "masters": [],
            "sign_and_serve": false,
            "sign_and_serve_algorithm": "",
            "target": "",
            "tsig_key": [],
            "type": "PRIMARY",
            "version_id": "3f86297d-9042-4ac5-9ce9-e75fdb3885af",
            "zone": "yinpok.com"
          },
          "sensitive_attributes": [],
          "private": "eyJzY2hlbWFfdmVyc2lvbiI6IjAifQ=="
        }
      ]
    }
  ],
  "check_results": null
}
